// !$*UTF8*$!
{
	archiveVersion = 1;
	classes = {
	};
	objectVersion = 50;
	objects = {

/* Begin PBXBuildFile section */
		6D5BAAF922A0DBD700707278 /* ImageUtils.swift in Sources */ = {isa = PBXBuildFile; fileRef = 6D5BAAF822A0DBD600707278 /* ImageUtils.swift */; };
		6DB09576229FA00500475FC1 /* AppDelegate.swift in Sources */ = {isa = PBXBuildFile; fileRef = 6DB09575229FA00500475FC1 /* AppDelegate.swift */; };
		6DB09578229FA00500475FC1 /* ImageRecognition_VC.swift in Sources */ = {isa = PBXBuildFile; fileRef = 6DB09577229FA00500475FC1 /* ImageRecognition_VC.swift */; };
		6DB0957B229FA00500475FC1 /* Main.storyboard in Resources */ = {isa = PBXBuildFile; fileRef = 6DB09579229FA00500475FC1 /* Main.storyboard */; };
		6DB0957D229FA00700475FC1 /* Assets.xcassets in Resources */ = {isa = PBXBuildFile; fileRef = 6DB0957C229FA00700475FC1 /* Assets.xcassets */; };
		6DB09580229FA00700475FC1 /* LaunchScreen.storyboard in Resources */ = {isa = PBXBuildFile; fileRef = 6DB0957E229FA00700475FC1 /* LaunchScreen.storyboard */; };
		6DB09588229FA43D00475FC1 /* Inceptionv3.mlmodel in Sources */ = {isa = PBXBuildFile; fileRef = 6DB09587229FA43D00475FC1 /* Inceptionv3.mlmodel */; };
		6DB09592229FC8E700475FC1 /* TextRecognition_VC.swift in Sources */ = {isa = PBXBuildFile; fileRef = 6DB09591229FC8E700475FC1 /* TextRecognition_VC.swift */; };
		6DB09594229FCA3900475FC1 /* ViewController.swift in Sources */ = {isa = PBXBuildFile; fileRef = 6DB09593229FCA3900475FC1 /* ViewController.swift */; };
		6DB09596229FD3E300475FC1 /* Alphanum_28x28.mlmodel in Sources */ = {isa = PBXBuildFile; fileRef = 6DB09595229FD3E300475FC1 /* Alphanum_28x28.mlmodel */; };
/* End PBXBuildFile section */

/* Begin PBXFileReference section */
		6D5BAAF822A0DBD600707278 /* ImageUtils.swift */ = {isa = PBXFileReference; fileEncoding = 4; lastKnownFileType = sourcecode.swift; path = ImageUtils.swift; sourceTree = "<group>"; };
		6DB09572229FA00500475FC1 /* CoreMLApp.app */ = {isa = PBXFileReference; explicitFileType = wrapper.application; includeInIndex = 0; path = CoreMLApp.app; sourceTree = BUILT_PRODUCTS_DIR; };
		6DB09575229FA00500475FC1 /* AppDelegate.swift */ = {isa = PBXFileReference; lastKnownFileType = sourcecode.swift; path = AppDelegate.swift; sourceTree = "<group>"; };
		6DB09577229FA00500475FC1 /* ImageRecognition_VC.swift */ = {isa = PBXFileReference; lastKnownFileType = sourcecode.swift; path = ImageRecognition_VC.swift; sourceTree = "<group>"; };
		6DB0957A229FA00500475FC1 /* Base */ = {isa = PBXFileReference; lastKnownFileType = file.storyboard; name = Base; path = Base.lproj/Main.storyboard; sourceTree = "<group>"; };
		6DB0957C229FA00700475FC1 /* Assets.xcassets */ = {isa = PBXFileReference; lastKnownFileType = folder.assetcatalog; path = Assets.xcassets; sourceTree = "<group>"; };
		6DB0957F229FA00700475FC1 /* Base */ = {isa = PBXFileReference; lastKnownFileType = file.storyboard; name = Base; path = Base.lproj/LaunchScreen.storyboard; sourceTree = "<group>"; };
		6DB09581229FA00700475FC1 /* Info.plist */ = {isa = PBXFileReference; lastKnownFileType = text.plist.xml; path = Info.plist; sourceTree = "<group>"; };
		6DB09587229FA43D00475FC1 /* Inceptionv3.mlmodel */ = {isa = PBXFileReference; lastKnownFileType = file.mlmodel; path = Inceptionv3.mlmodel; sourceTree = "<group>"; };
		6DB09591229FC8E700475FC1 /* TextRecognition_VC.swift */ = {isa = PBXFileReference; lastKnownFileType = sourcecode.swift; path = TextRecognition_VC.swift; sourceTree = "<group>"; };
		6DB09593229FCA3900475FC1 /* ViewController.swift */ = {isa = PBXFileReference; lastKnownFileType = sourcecode.swift; path = ViewController.swift; sourceTree = "<group>"; };
		6DB09595229FD3E300475FC1 /* Alphanum_28x28.mlmodel */ = {isa = PBXFileReference; lastKnownFileType = file.mlmodel; path = Alphanum_28x28.mlmodel; sourceTree = "<group>"; };
/* End PBXFileReference section */

/* Begin PBXFrameworksBuildPhase section */
		6DB0956F229FA00500475FC1 /* Frameworks */ = {
			isa = PBXFrameworksBuildPhase;
			buildActionMask = 2147483647;
			files = (
			);
			runOnlyForDeploymentPostprocessing = 0;
		};
/* End PBXFrameworksBuildPhase section */

/* Begin PBXGroup section */
		6DB09569229FA00500475FC1 = {
			isa = PBXGroup;
			children = (
				6DB09587229FA43D00475FC1 /* Inceptionv3.mlmodel */,
				6DB09595229FD3E300475FC1 /* Alphanum_28x28.mlmodel */,
				6DB09574229FA00500475FC1 /* CoreMLApp */,
				6DB09573229FA00500475FC1 /* Products */,
			);
			sourceTree = "<group>";
		};
		6DB09573229FA00500475FC1 /* Products */ = {
			isa = PBXGroup;
			children = (
				6DB09572229FA00500475FC1 /* CoreMLApp.app */,
			);
			name = Products;
			sourceTree = "<group>";
		};
		6DB09574229FA00500475FC1 /* CoreMLApp */ = {
			isa = PBXGroup;
			children = (
				6D5BAAF822A0DBD600707278 /* ImageUtils.swift */,
				6DB09591229FC8E700475FC1 /* TextRecognition_VC.swift */,
				6DB09575229FA00500475FC1 /* AppDelegate.swift */,
				6DB09577229FA00500475FC1 /* ImageRecognition_VC.swift */,
				6DB09579229FA00500475FC1 /* Main.storyboard */,
				6DB09593229FCA3900475FC1 /* ViewController.swift */,
				6DB0957C229FA00700475FC1 /* Assets.xcassets */,
				6DB0957E229FA00700475FC1 /* LaunchScreen.storyboard */,
				6DB09581229FA00700475FC1 /* Info.plist */,
			);
			path = CoreMLApp;
			sourceTree = "<group>";
		};
/* End PBXGroup section */

/* Begin PBXNativeTarget section */
		6DB09571229FA00500475FC1 /* CoreMLApp */ = {
			isa = PBXNativeTarget;
			buildConfigurationList = 6DB09584229FA00700475FC1 /* Build configuration list for PBXNativeTarget "CoreMLApp" */;
			buildPhases = (
				6DB0956E229FA00500475FC1 /* Sources */,
				6DB0956F229FA00500475FC1 /* Frameworks */,
				6DB09570229FA00500475FC1 /* Resources */,
			);
			buildRules = (
			);
			dependencies = (
			);
			name = CoreMLApp;
			productName = CoreMLApp;
			productReference = 6DB09572229FA00500475FC1 /* CoreMLApp.app */;
			productType = "com.apple.product-type.application";
		};
/* End PBXNativeTarget section */

/* Begin PBXProject section */
		6DB0956A229FA00500475FC1 /* Project object */ = {
			isa = PBXProject;
			attributes = {
				LastSwiftUpdateCheck = 1020;
				LastUpgradeCheck = 1020;
				ORGANIZATIONNAME = Navid;
				TargetAttributes = {
					6DB09571229FA00500475FC1 = {
						CreatedOnToolsVersion = 10.2.1;
					};
				};
			};
			buildConfigurationList = 6DB0956D229FA00500475FC1 /* Build configuration list for PBXProject "CoreMLApp" */;
			compatibilityVersion = "Xcode 9.3";
			developmentRegion = en;
			hasScannedForEncodings = 0;
			knownRegions = (
				en,
				Base,
			);
			mainGroup = 6DB09569229FA00500475FC1;
			productRefGroup = 6DB09573229FA00500475FC1 /* Products */;
			projectDirPath = "";
			projectRoot = "";
			targets = (
				6DB09571229FA00500475FC1 /* CoreMLApp */,
			);
		};
/* End PBXProject section */

/* Begin PBXResourcesBuildPhase section */
		6DB09570229FA00500475FC1 /* Resources */ = {
			isa = PBXResourcesBuildPhase;
			buildActionMask = 2147483647;
			files = (
				6DB09580229FA00700475FC1 /* LaunchScreen.storyboard in Resources */,
				6DB0957D229FA00700475FC1 /* Assets.xcassets in Resources */,
				6DB0957B229FA00500475FC1 /* Main.storyboard in Resources */,
			);
			runOnlyForDeploymentPostprocessing = 0;
		};
/* End PBXResourcesBuildPhase section */

/* Begin PBXSourcesBuildPhase section */
		6DB0956E229FA00500475FC1 /* Sources */ = {
			isa = PBXSourcesBuildPhase;
			buildActionMask = 2147483647;
			files = (
				6DB09594229FCA3900475FC1 /* ViewController.swift in Sources */,
				6DB09578229FA00500475FC1 /* ImageRecognition_VC.swift in Sources */,
				6DB09592229FC8E700475FC1 /* TextRecognition_VC.swift in Sources */,
				6DB09596229FD3E300475FC1 /* Alphanum_28x28.mlmodel in Sources */,
				6DB09588229FA43D00475FC1 /* Inceptionv3.mlmodel in Sources */,
				6DB09576229FA00500475FC1 /* AppDelegate.swift in Sources */,
				6D5BAAF922A0DBD700707278 /* ImageUtils.swift in Sources */,
			);
			runOnlyForDeploymentPostprocessing = 0;
		};
/* End PBXSourcesBuildPhase section */

/* Begin PBXVariantGroup section */
		6DB09579229FA00500475FC1 /* Main.storyboard */ = {
			isa = PBXVariantGroup;
			children = (
				6DB0957A229FA00500475FC1 /* Base */,
			);
			name = Main.storyboard;
			sourceTree = "<group>";
		};
		6DB0957E229FA00700475FC1 /* LaunchScreen.storyboard */ = {
			isa = PBXVariantGroup;
			children = (
				6DB0957F229FA00700475FC1 /* Base */,
			);
			name = LaunchScreen.storyboard;
			sourceTree = "<group>";
		};
/* End PBXVariantGroup section */

/* Begin XCBuildConfiguration section */
		6DB09582229FA00700475FC1 /* Debug */ = {
			isa = XCBuildConfiguration;
			buildSettings = {
				ALWAYS_SEARCH_USER_PATHS = NO;
				CLANG_ANALYZER_NONNULL = YES;
				CLANG_ANALYZER_NUMBER_OBJECT_CONVERSION = YES_AGGRESSIVE;
				CLANG_CXX_LANGUAGE_STANDARD = "gnu++14";
				CLANG_CXX_LIBRARY = "libc++";
				CLANG_ENABLE_MODULES = YES;
				CLANG_ENABLE_OBJC_ARC = YES;
				CLANG_ENABLE_OBJC_WEAK = YES;
				CLANG_WARN_BLOCK_CAPTURE_AUTORELEASING = YES;
				CLANG_WARN_BOOL_CONVERSION = YES;
				CLANG_WARN_COMMA = YES;
				CLANG_WARN_CONSTANT_CONVERSION = YES;
				CLANG_WARN_DEPRECATED_OBJC_IMPLEMENTATIONS = YES;
				CLANG_WARN_DIRECT_OBJC_ISA_USAGE = YES_ERROR;
				CLANG_WARN_DOCUMENTATION_COMMENTS = YES;
				CLANG_WARN_EMPTY_BODY = YES;
				CLANG_WARN_ENUM_CONVERSION = YES;
				CLANG_WARN_INFINITE_RECURSION = YES;
				CLANG_WARN_INT_CONVERSION = YES;
				CLANG_WARN_NON_LITERAL_NULL_CONVERSION = YES;
				CLANG_WARN_OBJC_IMPLICIT_RETAIN_SELF = YES;
				CLANG_WARN_OBJC_LITERAL_CONVERSION = YES;
				CLANG_WARN_OBJC_ROOT_CLASS = YES_ERROR;
				CLANG_WARN_RANGE_LOOP_ANALYSIS = YES;
				CLANG_WARN_STRICT_PROTOTYPES = YES;
				CLANG_WARN_SUSPICIOUS_MOVE = YES;
				CLANG_WARN_UNGUARDED_AVAILABILITY = YES_AGGRESSIVE;
				CLANG_WARN_UNREACHABLE_CODE = YES;
				CLANG_WARN__DUPLICATE_METHOD_MATCH = YES;
				CODE_SIGN_IDENTITY = "iPhone Developer";
				COPY_PHASE_STRIP = NO;
				DEBUG_INFORMATION_FORMAT = dwarf;
				ENABLE_STRICT_OBJC_MSGSEND = YES;
				ENABLE_TESTABILITY = YES;
				GCC_C_LANGUAGE_STANDARD = gnu11;
				GCC_DYNAMIC_NO_PIC = NO;
				GCC_NO_COMMON_BLOCKS = YES;
				GCC_OPTIMIZATION_LEVEL = 0;
				GCC_PREPROCESSOR_DEFINITIONS = (
					"DEBUG=1",
					"$(inherited)",
				);
				GCC_WARN_64_TO_32_BIT_CONVERSION = YES;
				GCC_WARN_ABOUT_RETURN_TYPE = YES_ERROR;
				GCC_WARN_UNDECLARED_SELECTOR = YES;
				GCC_WARN_UNINITIALIZED_AUTOS = YES_AGGRESSIVE;
				GCC_WARN_UNUSED_FUNCTION = YES;
				GCC_WARN_UNUSED_VARIABLE = YES;
				IPHONEOS_DEPLOYMENT_TARGET = 12.2;
				MTL_ENABLE_DEBUG_INFO = INCLUDE_SOURCE;
				MTL_FAST_MATH = YES;
				ONLY_ACTIVE_ARCH = YES;
				SDKROOT = iphoneos;
				SWIFT_ACTIVE_COMPILATION_CONDITIONS = DEBUG;
				SWIFT_OPTIMIZATION_LEVEL = "-Onone";
			};
			name = Debug;
		};
		6DB09583229FA00700475FC1 /* Release */ = {
			isa = XCBuildConfiguration;
			buildSettings = {
				ALWAYS_SEARCH_USER_PATHS = NO;
				CLANG_ANALYZER_NONNULL = YES;
				CLANG_ANALYZER_NUMBER_OBJECT_CONVERSION = YES_AGGRESSIVE;
				CLANG_CXX_LANGUAGE_STANDARD = "gnu++14";
				CLANG_CXX_LIBRARY = "libc++";
				CLANG_ENABLE_MODULES = YES;
				CLANG_ENABLE_OBJC_ARC = YES;
				CLANG_ENABLE_OBJC_WEAK = YES;
				CLANG_WARN_BLOCK_CAPTURE_AUTORELEASING = YES;
				CLANG_WARN_BOOL_CONVERSION = YES;
				CLANG_WARN_COMMA = YES;
				CLANG_WARN_CONSTANT_CONVERSION = YES;
				CLANG_WARN_DEPRECATED_OBJC_IMPLEMENTATIONS = YES;
				CLANG_WARN_DIRECT_OBJC_ISA_USAGE = YES_ERROR;
				CLANG_WARN_DOCUMENTATION_COMMENTS = YES;
				CLANG_WARN_EMPTY_BODY = YES;
				CLANG_WARN_ENUM_CONVERSION = YES;
				CLANG_WARN_INFINITE_RECURSION = YES;
				CLANG_WARN_INT_CONVERSION = YES;
				CLANG_WARN_NON_LITERAL_NULL_CONVERSION = YES;
				CLANG_WARN_OBJC_IMPLICIT_RETAIN_SELF = YES;
				CLANG_WARN_OBJC_LITERAL_CONVERSION = YES;
				CLANG_WARN_OBJC_ROOT_CLASS = YES_ERROR;
				CLANG_WARN_RANGE_LOOP_ANALYSIS = YES;
				CLANG_WARN_STRICT_PROTOTYPES = YES;
				CLANG_WARN_SUSPICIOUS_MOVE = YES;
				CLANG_WARN_UNGUARDED_AVAILABILITY = YES_AGGRESSIVE;
				CLANG_WARN_UNREACHABLE_CODE = YES;
				CLANG_WARN__DUPLICATE_METHOD_MATCH = YES;
				CODE_SIGN_IDENTITY = "iPhone Developer";
				COPY_PHASE_STRIP = NO;
				DEBUG_INFORMATION_FORMAT = "dwarf-with-dsym";
				ENABLE_NS_ASSERTIONS = NO;
				ENABLE_STRICT_OBJC_MSGSEND = YES;
				GCC_C_LANGUAGE_STANDARD = gnu11;
				GCC_NO_COMMON_BLOCKS = YES;
				GCC_WARN_64_TO_32_BIT_CONVERSION = YES;
				GCC_WARN_ABOUT_RETURN_TYPE = YES_ERROR;
				GCC_WARN_UNDECLARED_SELECTOR = YES;
				GCC_WARN_UNINITIALIZED_AUTOS = YES_AGGRESSIVE;
				GCC_WARN_UNUSED_FUNCTION = YES;
				GCC_WARN_UNUSED_VARIABLE = YES;
				IPHONEOS_DEPLOYMENT_TARGET = 12.2;
				MTL_ENABLE_DEBUG_INFO = NO;
				MTL_FAST_MATH = YES;
				SDKROOT = iphoneos;
				SWIFT_COMPILATION_MODE = wholemodule;
				SWIFT_OPTIMIZATION_LEVEL = "-O";
				VALIDATE_PRODUCT = YES;
			};
			name = Release;
		};
		6DB09585229FA00700475FC1 /* Debug */ = {
			isa = XCBuildConfiguration;
			buildSettings = {
				ASSETCATALOG_COMPILER_APPICON_NAME = AppIcon;
				CODE_SIGN_STYLE = Automatic;
				DEVELOPMENT_TEAM = Z5L26R5756;
				INFOPLIST_FILE = CoreMLApp/Info.plist;
				LD_RUNPATH_SEARCH_PATHS = (
					"$(inherited)",
					"@executable_path/Frameworks",
				);
				PRODUCT_BUNDLE_IDENTIFIER = com.example.CoreMLApp;
				PRODUCT_NAME = "$(TARGET_NAME)";
				SWIFT_VERSION = 5.0;
				TARGETED_DEVICE_FAMILY = "1,2";
			};
			name = Debug;
		};
		6DB09586229FA00700475FC1 /* Release */ = {
			isa = XCBuildConfiguration;
			buildSettings = {
				ASSETCATALOG_COMPILER_APPICON_NAME = AppIcon;
				CODE_SIGN_STYLE = Automatic;
				DEVELOPMENT_TEAM = Z5L26R5756;
				INFOPLIST_FILE = CoreMLApp/Info.plist;
				LD_RUNPATH_SEARCH_PATHS = (
					"$(inherited)",
					"@executable_path/Frameworks",
				);
				PRODUCT_BUNDLE_IDENTIFIER = com.example.CoreMLApp;
				PRODUCT_NAME = "$(TARGET_NAME)";
				SWIFT_VERSION = 5.0;
				TARGETED_DEVICE_FAMILY = "1,2";
			};
			name = Release;
		};
/* End XCBuildConfiguration section */

/* Begin XCConfigurationList section */
		6DB0956D229FA00500475FC1 /* Build configuration list for PBXProject "CoreMLApp" */ = {
			isa = XCConfigurationList;
			buildConfigurations = (
				6DB09582229FA00700475FC1 /* Debug */,
				6DB09583229FA00700475FC1 /* Release */,
			);
			defaultConfigurationIsVisible = 0;
			defaultConfigurationName = Release;
		};
		6DB09584229FA00700475FC1 /* Build configuration list for PBXNativeTarget "CoreMLApp" */ = {
			isa = XCConfigurationList;
			buildConfigurations = (
				6DB09585229FA00700475FC1 /* Debug */,
				6DB09586229FA00700475FC1 /* Release */,
			);
			defaultConfigurationIsVisible = 0;
			defaultConfigurationName = Release;
		};
/* End XCConfigurationList section */
	};
	rootObject = 6DB0956A229FA00500475FC1 /* Project object */;
}
